
Microsoft Visual Studio Solution File, Format Version 12.00
# Visual Studio Version 16
VisualStudioVersion = 16.0.30907.101
MinimumVisualStudioVersion = 10.0.40219.1
Project("{FAE04EC0-301F-11D3-BF4B-00C04F79EFBC}") = "SimulationOfLife.Logic", "SimulatorOfLive.Logic\SimulationOfLife.Logic.csproj", "{F2F03DA4-54BC-4968-B6D7-A66211F40EC1}"
EndProject
Project("{FAE04EC0-301F-11D3-BF4B-00C04F79EFBC}") = "SimulationOfLife.View", "SimulatorOfLive.View\SimulationOfLife.View.csproj", "{FC3A0436-5F86-448A-B0D9-BC15E6980D19}"
EndProject
Global
	GlobalSection(SolutionConfigurationPlatforms) = preSolution
		Debug|Any CPU = Debug|Any CPU
		Release|Any CPU = Release|Any CPU
	EndGlobalSection
	GlobalSection(ProjectConfigurationPlatforms) = postSolution
		{F2F03DA4-54BC-4968-B6D7-A66211F40EC1}.Debug|Any CPU.ActiveCfg = Debug|Any CPU
		{F2F03DA4-54BC-4968-B6D7-A66211F40EC1}.Debug|Any CPU.Build.0 = Debug|Any CPU
		{F2F03DA4-54BC-4968-B6D7-A66211F40EC1}.Release|Any CPU.ActiveCfg = Release|Any CPU
		{F2F03DA4-54BC-4968-B6D7-A66211F40EC1}.Release|Any CPU.Build.0 = Release|Any CPU
		{FC3A0436-5F86-448A-B0D9-BC15E6980D19}.Debug|Any CPU.ActiveCfg = Debug|Any CPU
		{FC3A0436-5F86-448A-B0D9-BC15E6980D19}.Debug|Any CPU.Build.0 = Debug|Any CPU
		{FC3A0436-5F86-448A-B0D9-BC15E6980D19}.Release|Any CPU.ActiveCfg = Release|Any CPU
		{FC3A0436-5F86-448A-B0D9-BC15E6980D19}.Release|Any CPU.Build.0 = Release|Any CPU
	EndGlobalSection
	GlobalSection(SolutionProperties) = preSolution
		HideSolutionNode = FALSE
	EndGlobalSection
	GlobalSection(ExtensibilityGlobals) = postSolution
		SolutionGuid = {25017FF9-DD9D-4F80-8BFC-5857EB7E73EF}
	EndGlobalSection
EndGlobal
